
Microsoft Visual Studio Solution File, Format Version 12.00
# Visual Studio Version 17
VisualStudioVersion = 17.0.32112.339
MinimumVisualStudioVersion = 10.0.40219.1
Project("{FAE04EC0-301F-11D3-BF4B-00C04F79EFBC}") = "ApiPruebaTecnica", "ApiPruebaTecnica.csproj", "{440BF668-B710-4A74-9A91-F4C7E697076F}"
EndProject
Global
	GlobalSection(SolutionConfigurationPlatforms) = preSolution
		Debug|Any CPU = Debug|Any CPU
		Release|Any CPU = Release|Any CPU
	EndGlobalSection
	GlobalSection(ProjectConfigurationPlatforms) = postSolution
		{440BF668-B710-4A74-9A91-F4C7E697076F}.Debug|Any CPU.ActiveCfg = Debug|Any CPU
		{440BF668-B710-4A74-9A91-F4C7E697076F}.Debug|Any CPU.Build.0 = Debug|Any CPU
		{440BF668-B710-4A74-9A91-F4C7E697076F}.Release|Any CPU.ActiveCfg = Release|Any CPU
		{440BF668-B710-4A74-9A91-F4C7E697076F}.Release|Any CPU.Build.0 = Release|Any CPU
	EndGlobalSection
	GlobalSection(SolutionProperties) = preSolution
		HideSolutionNode = FALSE
	EndGlobalSection
	GlobalSection(ExtensibilityGlobals) = postSolution
		SolutionGuid = {F08C2E19-C33A-4410-A487-8E76C261F507}
	EndGlobalSection
EndGlobal
